
Microsoft Visual Studio Solution File, Format Version 12.00
# Visual Studio Version 16
VisualStudioVersion = 16.0.28917.181
MinimumVisualStudioVersion = 10.0.40219.1
Project("{9A19103F-16F7-4668-BE54-9A1E7A4F7556}") = "Parking Alert", "Parking Alert.csproj", "{D9864DFC-FBE1-4225-97B6-FE5E8133588D}"
EndProject
Global
	GlobalSection(SolutionConfigurationPlatforms) = preSolution
		Debug|Any CPU = Debug|Any CPU
		Release|Any CPU = Release|Any CPU
	EndGlobalSection
	GlobalSection(ProjectConfigurationPlatforms) = postSolution
		{D9864DFC-FBE1-4225-97B6-FE5E8133588D}.Debug|Any CPU.ActiveCfg = Debug|Any CPU
		{D9864DFC-FBE1-4225-97B6-FE5E8133588D}.Debug|Any CPU.Build.0 = Debug|Any CPU
		{D9864DFC-FBE1-4225-97B6-FE5E8133588D}.Release|Any CPU.ActiveCfg = Release|Any CPU
		{D9864DFC-FBE1-4225-97B6-FE5E8133588D}.Release|Any CPU.Build.0 = Release|Any CPU
	EndGlobalSection
	GlobalSection(SolutionProperties) = preSolution
		HideSolutionNode = FALSE
	EndGlobalSection
	GlobalSection(ExtensibilityGlobals) = postSolution
		SolutionGuid = {6A7C0840-6324-4DAE-8B62-897C4F7BD573}
	EndGlobalSection
EndGlobal
